
Microsoft Visual Studio Solution File, Format Version 12.00
# Visual Studio Version 16
VisualStudioVersion = 16.0.31424.327
MinimumVisualStudioVersion = 10.0.40219.1
Project("{FAE04EC0-301F-11D3-BF4B-00C04F79EFBC}") = "diffage", "diffage.csproj", "{91A6F9B5-A046-44AB-A63C-F90E7DFA5FED}"
EndProject
Global
	GlobalSection(SolutionConfigurationPlatforms) = preSolution
		Debug|Any CPU = Debug|Any CPU
		Release|Any CPU = Release|Any CPU
	EndGlobalSection
	GlobalSection(ProjectConfigurationPlatforms) = postSolution
		{91A6F9B5-A046-44AB-A63C-F90E7DFA5FED}.Debug|Any CPU.ActiveCfg = Debug|Any CPU
		{91A6F9B5-A046-44AB-A63C-F90E7DFA5FED}.Debug|Any CPU.Build.0 = Debug|Any CPU
		{91A6F9B5-A046-44AB-A63C-F90E7DFA5FED}.Release|Any CPU.ActiveCfg = Release|Any CPU
		{91A6F9B5-A046-44AB-A63C-F90E7DFA5FED}.Release|Any CPU.Build.0 = Release|Any CPU
	EndGlobalSection
	GlobalSection(SolutionProperties) = preSolution
		HideSolutionNode = FALSE
	EndGlobalSection
	GlobalSection(ExtensibilityGlobals) = postSolution
		SolutionGuid = {09C7FD4E-49F3-4AD9-9093-237B1726EE7A}
	EndGlobalSection
EndGlobal
